<?xml version="1.0" encoding="utf-8"?>
<Project ToolsVersion="4.0" xmlns="http://schemas.microsoft.com/developer/msbuild/2003">
  <ItemGroup>
    <Filter Include="Game Component">
      <UniqueIdentifier>{4FC737F1-C7A5-4376-A066-2A32D752A2FF}</UniqueIdentifier>
      <Extensions>cpp;c;cc;cxx;def;odl;idl;hpj;bat;asm;asmx</Extensions>
    </Filter>
    <Filter Include="Game Graphics">
      <UniqueIdentifier>{db8658cb-3799-457c-8ac6-dd4db569ef2f}</UniqueIdentifier>
    </Filter>
    <Filter Include="Game Objects">
      <UniqueIdentifier>{b4abbde6-7b57-4c95-91ac-808ccf612938}</UniqueIdentifier>
    </Filter>
    <Filter Include="Game Objects\Player">
      <UniqueIdentifier>{1f13fd44-4ee2-405c-a254-458dde4f32d4}</UniqueIdentifier>
    </Filter>
    <Filter Include="Game Objects\Enemy">
      <UniqueIdentifier>{a03a1d2f-1f11-4c01-bded-984a093acea0}</UniqueIdentifier>
    </Filter>
    <Filter Include="Game Component\Scene">
      <UniqueIdentifier>{1818b5ed-7b0e-4d4e-9d97-586cee23b053}</UniqueIdentifier>
    </Filter>
    <Filter Include="Game Component\Map">
      <UniqueIdentifier>{4dc13cf5-3ecb-4857-942d-b06907174d27}</UniqueIdentifier>
    </Filter>
    <Filter Include="Game Objects\Item">
      <UniqueIdentifier>{0cb206ba-4adf-487d-87b2-927b6079c922}</UniqueIdentifier>
    </Filter>
    <Filter Include="Game Objects\Player\PlayerStateMachine">
      <UniqueIdentifier>{53d367cc-75c5-4275-8083-7aac4bb19874}</UniqueIdentifier>
    </Filter>
    <Filter Include="Game Objects\Enemy\Goomba">
      <UniqueIdentifier>{3812098a-710d-4859-8465-35ec3365a253}</UniqueIdentifier>
    </Filter>
    <Filter Include="Game Objects\Enemy\Koopa">
      <UniqueIdentifier>{7dff5416-5169-4d26-8263-256b8f69640a}</UniqueIdentifier>
    </Filter>
    <Filter Include="Game Objects\Enemy\Piranha Plant">
      <UniqueIdentifier>{e07b82e8-539b-414a-88a2-3d44ee68f95d}</UniqueIdentifier>
    </Filter>
    <Filter Include="Game Component\HUD">
      <UniqueIdentifier>{2fbc849f-0ef2-44ff-a94a-d6b4e8193d03}</UniqueIdentifier>
    </Filter>
    <Filter Include="Game Objects\VFX">
      <UniqueIdentifier>{309c5b9a-9a5e-4a82-87a4-36f00e616867}</UniqueIdentifier>
    </Filter>
    <Filter Include="Game Objects\World Map Objects">
      <UniqueIdentifier>{8ca0d5ef-b1c2-4701-adf3-d6dc0292ce65}</UniqueIdentifier>
    </Filter>
    <Filter Include="Game Objects\Intro Objects">
      <UniqueIdentifier>{82b3492d-edd8-438c-a93f-902e78b265de}</UniqueIdentifier>
    </Filter>
    <Filter Include="Game Objects\PlayScene Objects">
      <UniqueIdentifier>{dea7c69d-3f33-4426-af5b-f549ae9bf09c}</UniqueIdentifier>
    </Filter>
    <Filter Include="Game Objects\PlayScene Objects\Platform">
      <UniqueIdentifier>{f7b830ad-961f-4c53-88a2-6a1b43a82e19}</UniqueIdentifier>
    </Filter>
    <Filter Include="Game Objects\PlayScene Objects\Projectile">
      <UniqueIdentifier>{1af29866-c028-4f61-9ddb-252a3397930a}</UniqueIdentifier>
    </Filter>
    <Filter Include="Game Objects\PlayScene Objects\PlayerWeapon">
      <UniqueIdentifier>{e55661e3-4a33-436c-860b-7f04ac9a2b24}</UniqueIdentifier>
    </Filter>
  </ItemGroup>
  <ItemGroup>
    <ClCompile Include="Animations.cpp">
      <Filter>Game Graphics</Filter>
    </ClCompile>
    <ClCompile Include="Game.cpp">
      <Filter>Game Component</Filter>
    </ClCompile>
    <ClCompile Include="GameObject.cpp">
      <Filter>Game Component</Filter>
    </ClCompile>
    <ClCompile Include="main.cpp">
      <Filter>Game Component</Filter>
    </ClCompile>
    <ClCompile Include="Player.cpp">
      <Filter>Game Objects\Player</Filter>
    </ClCompile>
    <ClCompile Include="Sprites.cpp">
      <Filter>Game Graphics</Filter>
    </ClCompile>
    <ClCompile Include="Textures.cpp">
      <Filter>Game Graphics</Filter>
    </ClCompile>
    <ClCompile Include="Utils.cpp">
      <Filter>Game Component</Filter>
    </ClCompile>
    <ClCompile Include="GameGlobal.cpp">
      <Filter>Game Component</Filter>
    </ClCompile>
    <ClCompile Include="Camera.cpp">
      <Filter>Game Component</Filter>
    </ClCompile>
    <ClCompile Include="PlayScence.cpp">
      <Filter>Game Component\Scene</Filter>
    </ClCompile>
    <ClCompile Include="Scence.cpp">
      <Filter>Game Component\Scene</Filter>
    </ClCompile>
    <ClCompile Include="Projectile.cpp">
      <Filter>Game Objects\PlayScene Objects\Projectile</Filter>
    </ClCompile>
    <ClCompile Include="Fireball.cpp">
      <Filter>Game Objects\PlayScene Objects\Projectile</Filter>
    </ClCompile>
    <ClCompile Include="Tilemap.cpp">
      <Filter>Game Component\Map</Filter>
    </ClCompile>
    <ClCompile Include="Ground.cpp">
      <Filter>Game Objects\PlayScene Objects\Platform</Filter>
    </ClCompile>
    <ClCompile Include="OneWayPlatform.cpp">
      <Filter>Game Objects\PlayScene Objects\Platform</Filter>
    </ClCompile>
    <ClCompile Include="Leaf.cpp">
      <Filter>Game Objects\Item</Filter>
    </ClCompile>
    <ClCompile Include="Mushroom.cpp">
      <Filter>Game Objects\Item</Filter>
    </ClCompile>
    <ClCompile Include="Coin.cpp">
      <Filter>Game Objects\Item</Filter>
    </ClCompile>
    <ClCompile Include="Item.cpp">
      <Filter>Game Objects\Item</Filter>
    </ClCompile>
    <ClCompile Include="Flower.cpp">
      <Filter>Game Objects\Item</Filter>
    </ClCompile>
    <ClCompile Include="Portal.cpp">
      <Filter>Game Objects\PlayScene Objects\Platform</Filter>
    </ClCompile>
    <ClCompile Include="PlayerAttackingState.cpp">
      <Filter>Game Objects\Player\PlayerStateMachine</Filter>
    </ClCompile>
    <ClCompile Include="PlayerCrouchingState.cpp">
      <Filter>Game Objects\Player\PlayerStateMachine</Filter>
    </ClCompile>
    <ClCompile Include="PlayerFallingState.cpp">
      <Filter>Game Objects\Player\PlayerStateMachine</Filter>
    </ClCompile>
    <ClCompile Include="PlayerFlyingState.cpp">
      <Filter>Game Objects\Player\PlayerStateMachine</Filter>
    </ClCompile>
    <ClCompile Include="PlayerIdleState.cpp">
      <Filter>Game Objects\Player\PlayerStateMachine</Filter>
    </ClCompile>
    <ClCompile Include="PlayerJumpingState.cpp">
      <Filter>Game Objects\Player\PlayerStateMachine</Filter>
    </ClCompile>
    <ClCompile Include="PlayerRunningMaxState.cpp">
      <Filter>Game Objects\Player\PlayerStateMachine</Filter>
    </ClCompile>
    <ClCompile Include="PlayerRunningState.cpp">
      <Filter>Game Objects\Player\PlayerStateMachine</Filter>
    </ClCompile>
    <ClCompile Include="PlayerSkiddingState.cpp">
      <Filter>Game Objects\Player\PlayerStateMachine</Filter>
    </ClCompile>
    <ClCompile Include="PlayerWalkingState.cpp">
      <Filter>Game Objects\Player\PlayerStateMachine</Filter>
    </ClCompile>
    <ClCompile Include="Tail.cpp">
      <Filter>Game Objects\Player</Filter>
    </ClCompile>
    <ClCompile Include="PiranhaPlant.cpp">
      <Filter>Game Objects\Enemy\Piranha Plant</Filter>
    </ClCompile>
    <ClCompile Include="Goomba.cpp">
      <Filter>Game Objects\Enemy\Goomba</Filter>
    </ClCompile>
    <ClCompile Include="VenusFireTrap.cpp">
      <Filter>Game Objects\Enemy\Piranha Plant</Filter>
    </ClCompile>
    <ClCompile Include="VenusFireball.cpp">
      <Filter>Game Objects\PlayScene Objects\Projectile</Filter>
    </ClCompile>
    <ClCompile Include="Paragoomba.cpp">
      <Filter>Game Objects\Enemy\Goomba</Filter>
    </ClCompile>
    <ClCompile Include="KoopaTroopa.cpp">
      <Filter>Game Objects\Enemy\Koopa</Filter>
    </ClCompile>
    <ClCompile Include="HUD.cpp">
      <Filter>Game Component\HUD</Filter>
    </ClCompile>
    <ClCompile Include="KoopaParatroopa.cpp">
      <Filter>Game Objects\Enemy\Koopa</Filter>
    </ClCompile>
    <ClCompile Include="SceneManager.cpp">
      <Filter>Game Component\Scene</Filter>
    </ClCompile>
    <ClCompile Include="Pipe.cpp">
      <Filter>Game Objects\PlayScene Objects\Platform</Filter>
    </ClCompile>
    <ClCompile Include="WorldSelectionScene.cpp">
      <Filter>Game Component\Scene</Filter>
    </ClCompile>
    <ClCompile Include="Cactus.cpp">
      <Filter>Game Objects\World Map Objects</Filter>
    </ClCompile>
    <ClCompile Include="SpeechBubble.cpp">
      <Filter>Game Objects\World Map Objects</Filter>
    </ClCompile>
    <ClCompile Include="HammerBrother.cpp">
      <Filter>Game Objects\World Map Objects</Filter>
    </ClCompile>
    <ClCompile Include="WorldMapMario.cpp">
      <Filter>Game Objects\World Map Objects</Filter>
    </ClCompile>
    <ClCompile Include="WorldMapNode.cpp">
      <Filter>Game Objects\World Map Objects</Filter>
    </ClCompile>
    <ClCompile Include="Effect.cpp">
      <Filter>Game Objects\VFX</Filter>
    </ClCompile>
    <ClCompile Include="PointEffect.cpp">
      <Filter>Game Objects\VFX</Filter>
    </ClCompile>
    <ClCompile Include="QuestionBlock.cpp">
      <Filter>Game Objects\PlayScene Objects\Platform</Filter>
    </ClCompile>
    <ClCompile Include="PBlock.cpp">
      <Filter>Game Objects\PlayScene Objects\Platform</Filter>
    </ClCompile>
    <ClCompile Include="Brick.cpp">
      <Filter>Game Objects\PlayScene Objects\Platform</Filter>
    </ClCompile>
    <ClCompile Include="PSwitch.cpp">
      <Filter>Game Objects\Item</Filter>
    </ClCompile>
    <ClCompile Include="IntroScene.cpp">
      <Filter>Game Component\Scene</Filter>
    </ClCompile>
    <ClCompile Include="Curtain.cpp">
      <Filter>Game Objects\Intro Objects</Filter>
    </ClCompile>
    <ClCompile Include="Floor.cpp">
      <Filter>Game Objects\Intro Objects</Filter>
    </ClCompile>
    <ClCompile Include="Background.cpp">
      <Filter>Game Objects\Intro Objects</Filter>
    </ClCompile>
    <ClCompile Include="Title.cpp">
      <Filter>Game Objects\Intro Objects</Filter>
    </ClCompile>
  </ItemGroup>
  <ItemGroup>
    <ClInclude Include="Utils.h">
      <Filter>Game Component</Filter>
    </ClInclude>
    <ClInclude Include="Animations.h">
      <Filter>Game Graphics</Filter>
    </ClInclude>
    <ClInclude Include="Game.h">
      <Filter>Game Component</Filter>
    </ClInclude>
    <ClInclude Include="GameObject.h">
      <Filter>Game Component</Filter>
    </ClInclude>
    <ClInclude Include="KeyEventHandler.h">
      <Filter>Game Component</Filter>
    </ClInclude>
    <ClInclude Include="Player.h">
      <Filter>Game Objects\Player</Filter>
    </ClInclude>
    <ClInclude Include="Sprites.h">
      <Filter>Game Graphics</Filter>
    </ClInclude>
    <ClInclude Include="Textures.h">
      <Filter>Game Graphics</Filter>
    </ClInclude>
    <ClInclude Include="GameGlobal.h">
      <Filter>Game Component</Filter>
    </ClInclude>
    <ClInclude Include="Camera.h">
      <Filter>Game Component</Filter>
    </ClInclude>
    <ClInclude Include="PlayScence.h">
      <Filter>Game Component\Scene</Filter>
    </ClInclude>
    <ClInclude Include="Scence.h">
      <Filter>Game Component\Scene</Filter>
    </ClInclude>
    <ClInclude Include="Projectile.h">
      <Filter>Game Objects\PlayScene Objects\Projectile</Filter>
    </ClInclude>
    <ClInclude Include="Fireball.h">
      <Filter>Game Objects\PlayScene Objects\Projectile</Filter>
    </ClInclude>
    <ClInclude Include="Tilemap.h">
      <Filter>Game Component\Map</Filter>
    </ClInclude>
    <ClInclude Include="Ground.h">
      <Filter>Game Objects\PlayScene Objects\Platform</Filter>
    </ClInclude>
    <ClInclude Include="OneWayPlatform.h">
      <Filter>Game Objects\PlayScene Objects\Platform</Filter>
    </ClInclude>
    <ClInclude Include="Leaf.h">
      <Filter>Game Objects\Item</Filter>
    </ClInclude>
    <ClInclude Include="Mushroom.h">
      <Filter>Game Objects\Item</Filter>
    </ClInclude>
    <ClInclude Include="Coin.h">
      <Filter>Game Objects\Item</Filter>
    </ClInclude>
    <ClInclude Include="Item.h">
      <Filter>Game Objects\Item</Filter>
    </ClInclude>
    <ClInclude Include="SceneManager.h">
      <Filter>Game Component\Scene</Filter>
    </ClInclude>
    <ClInclude Include="Flower.h">
      <Filter>Game Objects\Item</Filter>
    </ClInclude>
    <ClInclude Include="Portal.h">
      <Filter>Game Objects\PlayScene Objects\Platform</Filter>
    </ClInclude>
    <ClInclude Include="PlayerAttackingState.h">
      <Filter>Game Objects\Player\PlayerStateMachine</Filter>
    </ClInclude>
    <ClInclude Include="PlayerCrouchingState.h">
      <Filter>Game Objects\Player\PlayerStateMachine</Filter>
    </ClInclude>
    <ClInclude Include="PlayerFallingState.h">
      <Filter>Game Objects\Player\PlayerStateMachine</Filter>
    </ClInclude>
    <ClInclude Include="PlayerFlyingState.h">
      <Filter>Game Objects\Player\PlayerStateMachine</Filter>
    </ClInclude>
    <ClInclude Include="PlayerIdleState.h">
      <Filter>Game Objects\Player\PlayerStateMachine</Filter>
    </ClInclude>
    <ClInclude Include="PlayerJumpingState.h">
      <Filter>Game Objects\Player\PlayerStateMachine</Filter>
    </ClInclude>
    <ClInclude Include="PlayerRunningMaxState.h">
      <Filter>Game Objects\Player\PlayerStateMachine</Filter>
    </ClInclude>
    <ClInclude Include="PlayerRunningState.h">
      <Filter>Game Objects\Player\PlayerStateMachine</Filter>
    </ClInclude>
    <ClInclude Include="PlayerSkiddingState.h">
      <Filter>Game Objects\Player\PlayerStateMachine</Filter>
    </ClInclude>
    <ClInclude Include="PlayerState.h">
      <Filter>Game Objects\Player\PlayerStateMachine</Filter>
    </ClInclude>
    <ClInclude Include="PlayerWalkingState.h">
      <Filter>Game Objects\Player\PlayerStateMachine</Filter>
    </ClInclude>
    <ClInclude Include="Tail.h">
      <Filter>Game Objects\Player</Filter>
    </ClInclude>
    <ClInclude Include="PiranhaPlant.h">
      <Filter>Game Objects\Enemy\Piranha Plant</Filter>
    </ClInclude>
    <ClInclude Include="Goomba.h">
      <Filter>Game Objects\Enemy\Goomba</Filter>
    </ClInclude>
    <ClInclude Include="VenusFireTrap.h">
      <Filter>Game Objects\Enemy\Piranha Plant</Filter>
    </ClInclude>
    <ClInclude Include="VenusFireball.h">
      <Filter>Game Objects\PlayScene Objects\Projectile</Filter>
    </ClInclude>
    <ClInclude Include="Paragoomba.h">
      <Filter>Game Objects\Enemy\Goomba</Filter>
    </ClInclude>
    <ClInclude Include="KoopaTroopa.h">
      <Filter>Game Objects\Enemy\Koopa</Filter>
    </ClInclude>
    <ClInclude Include="HUD.h">
      <Filter>Game Component\HUD</Filter>
    </ClInclude>
    <ClInclude Include="KoopaParatroopa.h">
      <Filter>Game Objects\Enemy\Koopa</Filter>
    </ClInclude>
    <ClInclude Include="Pipe.h">
      <Filter>Game Objects\PlayScene Objects\Platform</Filter>
    </ClInclude>
    <ClInclude Include="WorldSelectionScene.h">
      <Filter>Game Component\Scene</Filter>
    </ClInclude>
    <ClInclude Include="Cactus.h">
      <Filter>Game Objects\World Map Objects</Filter>
    </ClInclude>
    <ClInclude Include="SpeechBubble.h">
      <Filter>Game Objects\World Map Objects</Filter>
    </ClInclude>
    <ClInclude Include="HammerBrother.h">
      <Filter>Game Objects\World Map Objects</Filter>
    </ClInclude>
    <ClInclude Include="WorldMapMario.h">
      <Filter>Game Objects\World Map Objects</Filter>
    </ClInclude>
    <ClInclude Include="WorldMapNode.h">
      <Filter>Game Objects\World Map Objects</Filter>
    </ClInclude>
    <ClInclude Include="Effect.h">
      <Filter>Game Objects\VFX</Filter>
    </ClInclude>
    <ClInclude Include="PointEffect.h">
      <Filter>Game Objects\VFX</Filter>
    </ClInclude>
    <ClInclude Include="QuestionBlock.h">
      <Filter>Game Objects\PlayScene Objects\Platform</Filter>
    </ClInclude>
    <ClInclude Include="PBlock.h">
      <Filter>Game Objects\PlayScene Objects\Platform</Filter>
    </ClInclude>
    <ClInclude Include="Brick.h">
      <Filter>Game Objects\PlayScene Objects\Platform</Filter>
    </ClInclude>
    <ClInclude Include="PSwitch.h">
      <Filter>Game Objects\Item</Filter>
    </ClInclude>
    <ClInclude Include="IntroScene.h">
      <Filter>Game Component\Scene</Filter>
    </ClInclude>
    <ClInclude Include="Curtain.h">
      <Filter>Game Objects\Intro Objects</Filter>
    </ClInclude>
    <ClInclude Include="Floor.h">
      <Filter>Game Objects\Intro Objects</Filter>
    </ClInclude>
    <ClInclude Include="Background.h">
      <Filter>Game Objects\Intro Objects</Filter>
    </ClInclude>
    <ClInclude Include="Title.h">
      <Filter>Game Objects\Intro Objects</Filter>
    </ClInclude>
  </ItemGroup>
</Project>