<?xml version="1.0" encoding="utf-8"?>
<Project ToolsVersion="4.0" xmlns="http://schemas.microsoft.com/developer/msbuild/2003">
  <ItemGroup>
    <Filter Include="Game Component">
      <UniqueIdentifier>{4FC737F1-C7A5-4376-A066-2A32D752A2FF}</UniqueIdentifier>
      <Extensions>cpp;c;cc;cxx;def;odl;idl;hpj;bat;asm;asmx</Extensions>
    </Filter>
    <Filter Include="Game Graphics">
      <UniqueIdentifier>{db8658cb-3799-457c-8ac6-dd4db569ef2f}</UniqueIdentifier>
    </Filter>
    <Filter Include="Game Objects">
      <UniqueIdentifier>{b4abbde6-7b57-4c95-91ac-808ccf612938}</UniqueIdentifier>
    </Filter>
    <Filter Include="Game Objects\Player">
      <UniqueIdentifier>{1f13fd44-4ee2-405c-a254-458dde4f32d4}</UniqueIdentifier>
    </Filter>
    <Filter Include="Game Objects\Enemy">
      <UniqueIdentifier>{a03a1d2f-1f11-4c01-bded-984a093acea0}</UniqueIdentifier>
    </Filter>
    <Filter Include="Game Objects\Object">
      <UniqueIdentifier>{dea7c69d-3f33-4426-af5b-f549ae9bf09c}</UniqueIdentifier>
    </Filter>
  </ItemGroup>
  <ItemGroup>
    <ClCompile Include="Animations.cpp">
      <Filter>Game Graphics</Filter>
    </ClCompile>
    <ClCompile Include="Brick.cpp">
      <Filter>Game Objects\Object</Filter>
    </ClCompile>
    <ClCompile Include="Game.cpp">
      <Filter>Game Component</Filter>
    </ClCompile>
    <ClCompile Include="GameObject.cpp">
      <Filter>Game Component</Filter>
    </ClCompile>
    <ClCompile Include="Goomba.cpp">
      <Filter>Game Objects\Enemy</Filter>
    </ClCompile>
    <ClCompile Include="Koopas.cpp">
      <Filter>Game Objects\Enemy</Filter>
    </ClCompile>
    <ClCompile Include="main.cpp">
      <Filter>Game Component</Filter>
    </ClCompile>
    <ClCompile Include="Player.cpp">
      <Filter>Game Objects\Player</Filter>
    </ClCompile>
    <ClCompile Include="PlayScence.cpp">
      <Filter>Game Component</Filter>
    </ClCompile>
    <ClCompile Include="Portal.cpp">
      <Filter>Game Objects\Object</Filter>
    </ClCompile>
    <ClCompile Include="Scence.cpp">
      <Filter>Game Component</Filter>
    </ClCompile>
    <ClCompile Include="Sprites.cpp">
      <Filter>Game Graphics</Filter>
    </ClCompile>
    <ClCompile Include="Textures.cpp">
      <Filter>Game Graphics</Filter>
    </ClCompile>
    <ClCompile Include="Utils.cpp">
      <Filter>Game Component</Filter>
    </ClCompile>
    <ClCompile Include="PlayerIdleState.cpp">
      <Filter>Game Objects\Player</Filter>
    </ClCompile>
    <ClCompile Include="PlayerRunningState.cpp">
      <Filter>Game Objects\Player</Filter>
    </ClCompile>
    <ClCompile Include="PlayerJumpingState.cpp">
      <Filter>Game Objects\Player</Filter>
    </ClCompile>
    <ClCompile Include="GameGlobal.cpp">
      <Filter>Game Component</Filter>
    </ClCompile>
    <ClCompile Include="PlayerWalkingState.cpp">
      <Filter>Game Objects\Player</Filter>
    </ClCompile>
    <ClCompile Include="PlayerCrouchingState.cpp">
      <Filter>Game Objects\Player</Filter>
    </ClCompile>
    <ClCompile Include="Tilemap.cpp">
      <Filter>Game Component</Filter>
    </ClCompile>
    <ClCompile Include="Camera.cpp">
      <Filter>Game Component</Filter>
    </ClCompile>
    <ClCompile Include="Ground.cpp">
      <Filter>Game Objects\Object</Filter>
    </ClCompile>
    <ClCompile Include="PlayerFallingState.cpp">
      <Filter>Game Objects\Player</Filter>
    </ClCompile>
    <ClCompile Include="PlayerRunningMaxState.cpp">
      <Filter>Game Objects\Player</Filter>
    </ClCompile>
    <ClCompile Include="OneWayPlatform.cpp">
      <Filter>Game Objects\Object</Filter>
    </ClCompile>
    <ClCompile Include="PlayerFlyingState.cpp">
      <Filter>Game Objects\Player</Filter>
    </ClCompile>
    <ClCompile Include="PlayerAttackingState.cpp">
      <Filter>Game Objects\Player</Filter>
    </ClCompile>
    <ClCompile Include="PlayerSkiddingState.cpp">
      <Filter>Game Objects\Player</Filter>
    </ClCompile>
  </ItemGroup>
  <ItemGroup>
    <ClInclude Include="Utils.h">
      <Filter>Game Component</Filter>
    </ClInclude>
    <ClInclude Include="Animations.h">
      <Filter>Game Graphics</Filter>
    </ClInclude>
    <ClInclude Include="Brick.h">
      <Filter>Game Objects\Object</Filter>
    </ClInclude>
    <ClInclude Include="Game.h">
      <Filter>Game Component</Filter>
    </ClInclude>
    <ClInclude Include="GameObject.h">
      <Filter>Game Component</Filter>
    </ClInclude>
    <ClInclude Include="Goomba.h">
      <Filter>Game Objects\Enemy</Filter>
    </ClInclude>
    <ClInclude Include="KeyEventHandler.h">
      <Filter>Game Component</Filter>
    </ClInclude>
    <ClInclude Include="Koopas.h">
      <Filter>Game Objects\Enemy</Filter>
    </ClInclude>
    <ClInclude Include="Player.h">
      <Filter>Game Objects\Player</Filter>
    </ClInclude>
    <ClInclude Include="PlayerState.h">
      <Filter>Game Objects\Player</Filter>
    </ClInclude>
    <ClInclude Include="PlayScence.h">
      <Filter>Game Component</Filter>
    </ClInclude>
    <ClInclude Include="Portal.h">
      <Filter>Game Objects\Object</Filter>
    </ClInclude>
    <ClInclude Include="Scence.h">
      <Filter>Game Component</Filter>
    </ClInclude>
    <ClInclude Include="Sprites.h">
      <Filter>Game Graphics</Filter>
    </ClInclude>
    <ClInclude Include="Textures.h">
      <Filter>Game Graphics</Filter>
    </ClInclude>
    <ClInclude Include="PlayerIdleState.h">
      <Filter>Game Objects\Player</Filter>
    </ClInclude>
    <ClInclude Include="PlayerRunningState.h">
      <Filter>Game Objects\Player</Filter>
    </ClInclude>
    <ClInclude Include="PlayerJumpingState.h">
      <Filter>Game Objects\Player</Filter>
    </ClInclude>
    <ClInclude Include="GameGlobal.h">
      <Filter>Game Component</Filter>
    </ClInclude>
    <ClInclude Include="PlayerWalkingState.h">
      <Filter>Game Objects\Player</Filter>
    </ClInclude>
    <ClInclude Include="PlayerCrouchingState.h">
      <Filter>Game Objects\Player</Filter>
    </ClInclude>
    <ClInclude Include="Tilemap.h">
      <Filter>Game Component</Filter>
    </ClInclude>
    <ClInclude Include="Camera.h">
      <Filter>Game Component</Filter>
    </ClInclude>
    <ClInclude Include="Ground.h">
      <Filter>Game Objects\Object</Filter>
    </ClInclude>
    <ClInclude Include="PlayerFallingState.h">
      <Filter>Game Objects\Player</Filter>
    </ClInclude>
    <ClInclude Include="PlayerRunningMaxState.h">
      <Filter>Game Objects\Player</Filter>
    </ClInclude>
    <ClInclude Include="OneWayPlatform.h">
      <Filter>Game Objects\Object</Filter>
    </ClInclude>
    <ClInclude Include="PlayerFlyingState.h">
      <Filter>Game Objects\Player</Filter>
    </ClInclude>
    <ClInclude Include="PlayerAttackingState.h">
      <Filter>Game Objects\Player</Filter>
    </ClInclude>
    <ClInclude Include="PlayerSkiddingState.h">
      <Filter>Game Objects\Player</Filter>
    </ClInclude>
  </ItemGroup>
</Project>